
Microsoft Visual Studio Solution File, Format Version 12.00
# Visual Studio Version 16
VisualStudioVersion = 16.0.30114.105
MinimumVisualStudioVersion = 10.0.40219.1
Project("{2150E333-8FDC-42A3-9474-1A3956D46DE8}") = "PostCmd", "PostCmd", "{51454BC1-1C44-4E7B-8861-7D9807716A97}"
EndProject
Project("{FAE04EC0-301F-11D3-BF4B-00C04F79EFBC}") = "Api", "PostCmd\Api\Api.csproj", "{C974429A-B12D-4413-A663-70EBB41F371C}"
EndProject
Project("{FAE04EC0-301F-11D3-BF4B-00C04F79EFBC}") = "Domain", "PostCmd\Domain\Domain.csproj", "{5A27E550-E807-4A5D-A50D-54B32DE01A84}"
EndProject
Project("{FAE04EC0-301F-11D3-BF4B-00C04F79EFBC}") = "Infrastructure", "PostCmd\Infrastructure\Infrastructure.csproj", "{6BF1C613-C5C1-46D6-870C-115F87BE6C94}"
EndProject
Project("{2150E333-8FDC-42A3-9474-1A3956D46DE8}") = "PostQuery", "PostQuery", "{C32C752E-3E89-4AA7-A8FB-A10E1B33778E}"
EndProject
Project("{FAE04EC0-301F-11D3-BF4B-00C04F79EFBC}") = "Api", "PostQuery\Api\Api.csproj", "{0A12E4CE-E27A-4980-AA71-D514A63364EC}"
EndProject
Project("{FAE04EC0-301F-11D3-BF4B-00C04F79EFBC}") = "Domain", "PostQuery\Domain\Domain.csproj", "{49AD1E72-E141-4218-82D6-1423E1E86C89}"
EndProject
Project("{FAE04EC0-301F-11D3-BF4B-00C04F79EFBC}") = "Infrastructure", "PostQuery\Infrastructure\Infrastructure.csproj", "{ED8BBED6-E1BF-4B46-9EE0-B2AF903F6CD2}"
EndProject
Project("{FAE04EC0-301F-11D3-BF4B-00C04F79EFBC}") = "CQRSCore", "CQRSCore\CQRSCore.csproj", "{8893E4F4-D4FA-455D-BEBD-D1D5323986C4}"
EndProject
Project("{FAE04EC0-301F-11D3-BF4B-00C04F79EFBC}") = "PostCommon", "PostCommon\PostCommon.csproj", "{E9417F82-F6AA-422B-8BD5-C3C2714387C4}"
EndProject
Global
	GlobalSection(SolutionConfigurationPlatforms) = preSolution
		Debug|Any CPU = Debug|Any CPU
		Release|Any CPU = Release|Any CPU
	EndGlobalSection
	GlobalSection(ProjectConfigurationPlatforms) = postSolution
		{C974429A-B12D-4413-A663-70EBB41F371C}.Debug|Any CPU.ActiveCfg = Debug|Any CPU
		{C974429A-B12D-4413-A663-70EBB41F371C}.Debug|Any CPU.Build.0 = Debug|Any CPU
		{C974429A-B12D-4413-A663-70EBB41F371C}.Release|Any CPU.ActiveCfg = Release|Any CPU
		{C974429A-B12D-4413-A663-70EBB41F371C}.Release|Any CPU.Build.0 = Release|Any CPU
		{5A27E550-E807-4A5D-A50D-54B32DE01A84}.Debug|Any CPU.ActiveCfg = Debug|Any CPU
		{5A27E550-E807-4A5D-A50D-54B32DE01A84}.Debug|Any CPU.Build.0 = Debug|Any CPU
		{5A27E550-E807-4A5D-A50D-54B32DE01A84}.Release|Any CPU.ActiveCfg = Release|Any CPU
		{5A27E550-E807-4A5D-A50D-54B32DE01A84}.Release|Any CPU.Build.0 = Release|Any CPU
		{6BF1C613-C5C1-46D6-870C-115F87BE6C94}.Debug|Any CPU.ActiveCfg = Debug|Any CPU
		{6BF1C613-C5C1-46D6-870C-115F87BE6C94}.Debug|Any CPU.Build.0 = Debug|Any CPU
		{6BF1C613-C5C1-46D6-870C-115F87BE6C94}.Release|Any CPU.ActiveCfg = Release|Any CPU
		{6BF1C613-C5C1-46D6-870C-115F87BE6C94}.Release|Any CPU.Build.0 = Release|Any CPU
		{0A12E4CE-E27A-4980-AA71-D514A63364EC}.Debug|Any CPU.ActiveCfg = Debug|Any CPU
		{0A12E4CE-E27A-4980-AA71-D514A63364EC}.Debug|Any CPU.Build.0 = Debug|Any CPU
		{0A12E4CE-E27A-4980-AA71-D514A63364EC}.Release|Any CPU.ActiveCfg = Release|Any CPU
		{0A12E4CE-E27A-4980-AA71-D514A63364EC}.Release|Any CPU.Build.0 = Release|Any CPU
		{49AD1E72-E141-4218-82D6-1423E1E86C89}.Debug|Any CPU.ActiveCfg = Debug|Any CPU
		{49AD1E72-E141-4218-82D6-1423E1E86C89}.Debug|Any CPU.Build.0 = Debug|Any CPU
		{49AD1E72-E141-4218-82D6-1423E1E86C89}.Release|Any CPU.ActiveCfg = Release|Any CPU
		{49AD1E72-E141-4218-82D6-1423E1E86C89}.Release|Any CPU.Build.0 = Release|Any CPU
		{ED8BBED6-E1BF-4B46-9EE0-B2AF903F6CD2}.Debug|Any CPU.ActiveCfg = Debug|Any CPU
		{ED8BBED6-E1BF-4B46-9EE0-B2AF903F6CD2}.Debug|Any CPU.Build.0 = Debug|Any CPU
		{ED8BBED6-E1BF-4B46-9EE0-B2AF903F6CD2}.Release|Any CPU.ActiveCfg = Release|Any CPU
		{ED8BBED6-E1BF-4B46-9EE0-B2AF903F6CD2}.Release|Any CPU.Build.0 = Release|Any CPU
		{8893E4F4-D4FA-455D-BEBD-D1D5323986C4}.Debug|Any CPU.ActiveCfg = Debug|Any CPU
		{8893E4F4-D4FA-455D-BEBD-D1D5323986C4}.Debug|Any CPU.Build.0 = Debug|Any CPU
		{8893E4F4-D4FA-455D-BEBD-D1D5323986C4}.Release|Any CPU.ActiveCfg = Release|Any CPU
		{8893E4F4-D4FA-455D-BEBD-D1D5323986C4}.Release|Any CPU.Build.0 = Release|Any CPU
		{E9417F82-F6AA-422B-8BD5-C3C2714387C4}.Debug|Any CPU.ActiveCfg = Debug|Any CPU
		{E9417F82-F6AA-422B-8BD5-C3C2714387C4}.Debug|Any CPU.Build.0 = Debug|Any CPU
		{E9417F82-F6AA-422B-8BD5-C3C2714387C4}.Release|Any CPU.ActiveCfg = Release|Any CPU
		{E9417F82-F6AA-422B-8BD5-C3C2714387C4}.Release|Any CPU.Build.0 = Release|Any CPU
	EndGlobalSection
	GlobalSection(SolutionProperties) = preSolution
		HideSolutionNode = FALSE
	EndGlobalSection
	GlobalSection(NestedProjects) = preSolution
		{C974429A-B12D-4413-A663-70EBB41F371C} = {51454BC1-1C44-4E7B-8861-7D9807716A97}
		{5A27E550-E807-4A5D-A50D-54B32DE01A84} = {51454BC1-1C44-4E7B-8861-7D9807716A97}
		{6BF1C613-C5C1-46D6-870C-115F87BE6C94} = {51454BC1-1C44-4E7B-8861-7D9807716A97}
		{0A12E4CE-E27A-4980-AA71-D514A63364EC} = {C32C752E-3E89-4AA7-A8FB-A10E1B33778E}
		{49AD1E72-E141-4218-82D6-1423E1E86C89} = {C32C752E-3E89-4AA7-A8FB-A10E1B33778E}
		{ED8BBED6-E1BF-4B46-9EE0-B2AF903F6CD2} = {C32C752E-3E89-4AA7-A8FB-A10E1B33778E}
	EndGlobalSection
EndGlobal
